
Microsoft Visual Studio Solution File, Format Version 12.00
# Visual Studio 14
VisualStudioVersion = 14.0.24720.0
MinimumVisualStudioVersion = 10.0.40219.1
Project("{FAE04EC0-301F-11D3-BF4B-00C04F79EFBC}") = "Server Assessment", "Server Assessment\Server Assessment.csproj", "{3CB68133-8C51-470F-8669-9F1D0FA280CF}"
EndProject
Project("{FAE04EC0-301F-11D3-BF4B-00C04F79EFBC}") = "UnitTestServer", "UnitTestServer\UnitTestServer.csproj", "{F760F90F-A65F-490D-B013-6804A61361C0}"
EndProject
Global
	GlobalSection(SolutionConfigurationPlatforms) = preSolution
		Debug|Any CPU = Debug|Any CPU
		Release|Any CPU = Release|Any CPU
	EndGlobalSection
	GlobalSection(ProjectConfigurationPlatforms) = postSolution
		{3CB68133-8C51-470F-8669-9F1D0FA280CF}.Debug|Any CPU.ActiveCfg = Debug|Any CPU
		{3CB68133-8C51-470F-8669-9F1D0FA280CF}.Debug|Any CPU.Build.0 = Debug|Any CPU
		{3CB68133-8C51-470F-8669-9F1D0FA280CF}.Release|Any CPU.ActiveCfg = Release|Any CPU
		{3CB68133-8C51-470F-8669-9F1D0FA280CF}.Release|Any CPU.Build.0 = Release|Any CPU
		{F760F90F-A65F-490D-B013-6804A61361C0}.Debug|Any CPU.ActiveCfg = Debug|Any CPU
		{F760F90F-A65F-490D-B013-6804A61361C0}.Debug|Any CPU.Build.0 = Debug|Any CPU
		{F760F90F-A65F-490D-B013-6804A61361C0}.Release|Any CPU.ActiveCfg = Release|Any CPU
		{F760F90F-A65F-490D-B013-6804A61361C0}.Release|Any CPU.Build.0 = Release|Any CPU
	EndGlobalSection
	GlobalSection(SolutionProperties) = preSolution
		HideSolutionNode = FALSE
	EndGlobalSection
EndGlobal
